// !$*UTF8*$!
{
	archiveVersion = 1;
	classes = {
	};
	objectVersion = 50;
	objects = {

/* Begin PBXBuildFile section */
		5429D90E24CC805C00467C30 /* CharacterDetailsViewController.swift in Sources */ = {isa = PBXBuildFile; fileRef = 5429D90D24CC805C00467C30 /* CharacterDetailsViewController.swift */; };
		54307E4E24CBA93F003F7DD2 /* URLBuilder.swift in Sources */ = {isa = PBXBuildFile; fileRef = 54307E4D24CBA93F003F7DD2 /* URLBuilder.swift */; };
		544DF54224CD180200C9D12F /* ListCharacterLoadingCell.xib in Resources */ = {isa = PBXBuildFile; fileRef = 544DF54124CD180200C9D12F /* ListCharacterLoadingCell.xib */; };
		544DF54424CD186800C9D12F /* ListCharacterLoadingCell.swift in Sources */ = {isa = PBXBuildFile; fileRef = 544DF54324CD186800C9D12F /* ListCharacterLoadingCell.swift */; };
		544DF54624CD2B1300C9D12F /* ImageLoader.swift in Sources */ = {isa = PBXBuildFile; fileRef = 544DF54524CD2B1300C9D12F /* ImageLoader.swift */; };
		5488D89D24CA4CB000B04DA0 /* ListCharacterViewController.swift in Sources */ = {isa = PBXBuildFile; fileRef = 5488D89C24CA4CB000B04DA0 /* ListCharacterViewController.swift */; };
		5488D8A024CA4DDD00B04DA0 /* ListCharacterViewModel.swift in Sources */ = {isa = PBXBuildFile; fileRef = 5488D89F24CA4DDD00B04DA0 /* ListCharacterViewModel.swift */; };
		5488D8A224CA54E100B04DA0 /* Character.swift in Sources */ = {isa = PBXBuildFile; fileRef = 5488D8A124CA54E100B04DA0 /* Character.swift */; };
		5488D8A424CA5BCC00B04DA0 /* ListCharacterCellViewController.swift in Sources */ = {isa = PBXBuildFile; fileRef = 5488D8A324CA5BCC00B04DA0 /* ListCharacterCellViewController.swift */; };
		5488D8A824CA6BAD00B04DA0 /* EasyRequest.swift in Sources */ = {isa = PBXBuildFile; fileRef = 5488D8A724CA6BAD00B04DA0 /* EasyRequest.swift */; };
		54E7388124CA3E1B00FD9012 /* AppDelegate.swift in Sources */ = {isa = PBXBuildFile; fileRef = 54E7388024CA3E1B00FD9012 /* AppDelegate.swift */; };
		54E7388324CA3E1B00FD9012 /* SceneDelegate.swift in Sources */ = {isa = PBXBuildFile; fileRef = 54E7388224CA3E1B00FD9012 /* SceneDelegate.swift */; };
		54E7388824CA3E1B00FD9012 /* Main.storyboard in Resources */ = {isa = PBXBuildFile; fileRef = 54E7388624CA3E1B00FD9012 /* Main.storyboard */; };
		54E7388A24CA3E2300FD9012 /* Assets.xcassets in Resources */ = {isa = PBXBuildFile; fileRef = 54E7388924CA3E2300FD9012 /* Assets.xcassets */; };
		54E7388D24CA3E2300FD9012 /* LaunchScreen.storyboard in Resources */ = {isa = PBXBuildFile; fileRef = 54E7388B24CA3E2300FD9012 /* LaunchScreen.storyboard */; };
		54E7389824CA423C00FD9012 /* ListCharacterCell.xib in Resources */ = {isa = PBXBuildFile; fileRef = 54E7389724CA423C00FD9012 /* ListCharacterCell.xib */; };
/* End PBXBuildFile section */

/* Begin PBXFileReference section */
		5429D90D24CC805C00467C30 /* CharacterDetailsViewController.swift */ = {isa = PBXFileReference; lastKnownFileType = sourcecode.swift; path = CharacterDetailsViewController.swift; sourceTree = "<group>"; };
		54307E4D24CBA93F003F7DD2 /* URLBuilder.swift */ = {isa = PBXFileReference; lastKnownFileType = sourcecode.swift; path = URLBuilder.swift; sourceTree = "<group>"; };
		544DF54124CD180200C9D12F /* ListCharacterLoadingCell.xib */ = {isa = PBXFileReference; lastKnownFileType = file.xib; path = ListCharacterLoadingCell.xib; sourceTree = "<group>"; };
		544DF54324CD186800C9D12F /* ListCharacterLoadingCell.swift */ = {isa = PBXFileReference; lastKnownFileType = sourcecode.swift; path = ListCharacterLoadingCell.swift; sourceTree = "<group>"; };
		544DF54524CD2B1300C9D12F /* ImageLoader.swift */ = {isa = PBXFileReference; lastKnownFileType = sourcecode.swift; path = ImageLoader.swift; sourceTree = "<group>"; };
		5488D89C24CA4CB000B04DA0 /* ListCharacterViewController.swift */ = {isa = PBXFileReference; lastKnownFileType = sourcecode.swift; path = ListCharacterViewController.swift; sourceTree = "<group>"; };
		5488D89F24CA4DDD00B04DA0 /* ListCharacterViewModel.swift */ = {isa = PBXFileReference; lastKnownFileType = sourcecode.swift; path = ListCharacterViewModel.swift; sourceTree = "<group>"; };
		5488D8A124CA54E100B04DA0 /* Character.swift */ = {isa = PBXFileReference; lastKnownFileType = sourcecode.swift; path = Character.swift; sourceTree = "<group>"; };
		5488D8A324CA5BCC00B04DA0 /* ListCharacterCellViewController.swift */ = {isa = PBXFileReference; lastKnownFileType = sourcecode.swift; path = ListCharacterCellViewController.swift; sourceTree = "<group>"; };
		5488D8A724CA6BAD00B04DA0 /* EasyRequest.swift */ = {isa = PBXFileReference; lastKnownFileType = sourcecode.swift; path = EasyRequest.swift; sourceTree = "<group>"; };
		54E7387D24CA3E1B00FD9012 /* Marvel Example.app */ = {isa = PBXFileReference; explicitFileType = wrapper.application; includeInIndex = 0; path = "Marvel Example.app"; sourceTree = BUILT_PRODUCTS_DIR; };
		54E7388024CA3E1B00FD9012 /* AppDelegate.swift */ = {isa = PBXFileReference; lastKnownFileType = sourcecode.swift; path = AppDelegate.swift; sourceTree = "<group>"; };
		54E7388224CA3E1B00FD9012 /* SceneDelegate.swift */ = {isa = PBXFileReference; lastKnownFileType = sourcecode.swift; path = SceneDelegate.swift; sourceTree = "<group>"; };
		54E7388724CA3E1B00FD9012 /* Base */ = {isa = PBXFileReference; lastKnownFileType = file.storyboard; name = Base; path = Base.lproj/Main.storyboard; sourceTree = "<group>"; };
		54E7388924CA3E2300FD9012 /* Assets.xcassets */ = {isa = PBXFileReference; lastKnownFileType = folder.assetcatalog; path = Assets.xcassets; sourceTree = "<group>"; };
		54E7388C24CA3E2300FD9012 /* Base */ = {isa = PBXFileReference; lastKnownFileType = file.storyboard; name = Base; path = Base.lproj/LaunchScreen.storyboard; sourceTree = "<group>"; };
		54E7388E24CA3E2300FD9012 /* Info.plist */ = {isa = PBXFileReference; lastKnownFileType = text.plist.xml; path = Info.plist; sourceTree = "<group>"; };
		54E7389724CA423C00FD9012 /* ListCharacterCell.xib */ = {isa = PBXFileReference; lastKnownFileType = file.xib; path = ListCharacterCell.xib; sourceTree = "<group>"; };
/* End PBXFileReference section */

/* Begin PBXFrameworksBuildPhase section */
		54E7387A24CA3E1B00FD9012 /* Frameworks */ = {
			isa = PBXFrameworksBuildPhase;
			buildActionMask = 2147483647;
			files = (
			);
			runOnlyForDeploymentPostprocessing = 0;
		};
/* End PBXFrameworksBuildPhase section */

/* Begin PBXGroup section */
		54307E4C24CBA91A003F7DD2 /* Service */ = {
			isa = PBXGroup;
			children = (
				54307E4D24CBA93F003F7DD2 /* URLBuilder.swift */,
			);
			path = Service;
			sourceTree = "<group>";
		};
		5488D89E24CA4DAF00B04DA0 /* Model */ = {
			isa = PBXGroup;
			children = (
				5488D89F24CA4DDD00B04DA0 /* ListCharacterViewModel.swift */,
				5488D8A124CA54E100B04DA0 /* Character.swift */,
			);
			path = Model;
			sourceTree = "<group>";
		};
		5488D8A524CA6B9500B04DA0 /* Utils */ = {
			isa = PBXGroup;
			children = (
				5488D8A724CA6BAD00B04DA0 /* EasyRequest.swift */,
				544DF54524CD2B1300C9D12F /* ImageLoader.swift */,
			);
			path = Utils;
			sourceTree = "<group>";
		};
		54E7387424CA3E1B00FD9012 = {
			isa = PBXGroup;
			children = (
				54E7387F24CA3E1B00FD9012 /* Marvel Example */,
				54E7387E24CA3E1B00FD9012 /* Products */,
			);
			sourceTree = "<group>";
		};
		54E7387E24CA3E1B00FD9012 /* Products */ = {
			isa = PBXGroup;
			children = (
				54E7387D24CA3E1B00FD9012 /* Marvel Example.app */,
			);
			name = Products;
			sourceTree = "<group>";
		};
		54E7387F24CA3E1B00FD9012 /* Marvel Example */ = {
			isa = PBXGroup;
			children = (
				54307E4C24CBA91A003F7DD2 /* Service */,
				5488D8A524CA6B9500B04DA0 /* Utils */,
				54E7389424CA3E4900FD9012 /* Module */,
				54E7388024CA3E1B00FD9012 /* AppDelegate.swift */,
				54E7388224CA3E1B00FD9012 /* SceneDelegate.swift */,
				54E7388624CA3E1B00FD9012 /* Main.storyboard */,
				54E7388924CA3E2300FD9012 /* Assets.xcassets */,
				54E7388B24CA3E2300FD9012 /* LaunchScreen.storyboard */,
				54E7388E24CA3E2300FD9012 /* Info.plist */,
			);
			path = "Marvel Example";
			sourceTree = "<group>";
		};
		54E7389424CA3E4900FD9012 /* Module */ = {
			isa = PBXGroup;
			children = (
				54E7389524CA3E5800FD9012 /* ListCharacters */,
			);
			path = Module;
			sourceTree = "<group>";
		};
		54E7389524CA3E5800FD9012 /* ListCharacters */ = {
			isa = PBXGroup;
			children = (
				5488D89E24CA4DAF00B04DA0 /* Model */,
				54E7389624CA3E7300FD9012 /* View */,
				54E7389924CA491300FD9012 /* Controller */,
			);
			path = ListCharacters;
			sourceTree = "<group>";
		};
		54E7389624CA3E7300FD9012 /* View */ = {
			isa = PBXGroup;
			children = (
				54E7389724CA423C00FD9012 /* ListCharacterCell.xib */,
				544DF54124CD180200C9D12F /* ListCharacterLoadingCell.xib */,
			);
			path = View;
			sourceTree = "<group>";
		};
		54E7389924CA491300FD9012 /* Controller */ = {
			isa = PBXGroup;
			children = (
				5488D89C24CA4CB000B04DA0 /* ListCharacterViewController.swift */,
				544DF54324CD186800C9D12F /* ListCharacterLoadingCell.swift */,
				5488D8A324CA5BCC00B04DA0 /* ListCharacterCellViewController.swift */,
				5429D90D24CC805C00467C30 /* CharacterDetailsViewController.swift */,
			);
			path = Controller;
			sourceTree = "<group>";
		};
/* End PBXGroup section */

/* Begin PBXNativeTarget section */
		54E7387C24CA3E1B00FD9012 /* Marvel Example */ = {
			isa = PBXNativeTarget;
			buildConfigurationList = 54E7389124CA3E2300FD9012 /* Build configuration list for PBXNativeTarget "Marvel Example" */;
			buildPhases = (
				54E7387924CA3E1B00FD9012 /* Sources */,
				54E7387A24CA3E1B00FD9012 /* Frameworks */,
				54E7387B24CA3E1B00FD9012 /* Resources */,
			);
			buildRules = (
			);
			dependencies = (
			);
			name = "Marvel Example";
			productName = "Marvel Example";
			productReference = 54E7387D24CA3E1B00FD9012 /* Marvel Example.app */;
			productType = "com.apple.product-type.application";
		};
/* End PBXNativeTarget section */

/* Begin PBXProject section */
		54E7387524CA3E1B00FD9012 /* Project object */ = {
			isa = PBXProject;
			attributes = {
				LastSwiftUpdateCheck = 1150;
				LastUpgradeCheck = 1150;
				ORGANIZATIONNAME = "Tiago Coelho";
				TargetAttributes = {
					54E7387C24CA3E1B00FD9012 = {
						CreatedOnToolsVersion = 11.5;
					};
				};
			};
			buildConfigurationList = 54E7387824CA3E1B00FD9012 /* Build configuration list for PBXProject "Marvel Example" */;
			compatibilityVersion = "Xcode 9.3";
			developmentRegion = en;
			hasScannedForEncodings = 0;
			knownRegions = (
				en,
				Base,
			);
			mainGroup = 54E7387424CA3E1B00FD9012;
			productRefGroup = 54E7387E24CA3E1B00FD9012 /* Products */;
			projectDirPath = "";
			projectRoot = "";
			targets = (
				54E7387C24CA3E1B00FD9012 /* Marvel Example */,
			);
		};
/* End PBXProject section */

/* Begin PBXResourcesBuildPhase section */
		54E7387B24CA3E1B00FD9012 /* Resources */ = {
			isa = PBXResourcesBuildPhase;
			buildActionMask = 2147483647;
			files = (
				54E7388D24CA3E2300FD9012 /* LaunchScreen.storyboard in Resources */,
				54E7388A24CA3E2300FD9012 /* Assets.xcassets in Resources */,
				54E7388824CA3E1B00FD9012 /* Main.storyboard in Resources */,
				54E7389824CA423C00FD9012 /* ListCharacterCell.xib in Resources */,
				544DF54224CD180200C9D12F /* ListCharacterLoadingCell.xib in Resources */,
			);
			runOnlyForDeploymentPostprocessing = 0;
		};
/* End PBXResourcesBuildPhase section */

/* Begin PBXSourcesBuildPhase section */
		54E7387924CA3E1B00FD9012 /* Sources */ = {
			isa = PBXSourcesBuildPhase;
			buildActionMask = 2147483647;
			files = (
				5488D8A024CA4DDD00B04DA0 /* ListCharacterViewModel.swift in Sources */,
				54E7388124CA3E1B00FD9012 /* AppDelegate.swift in Sources */,
				5488D8A224CA54E100B04DA0 /* Character.swift in Sources */,
				54E7388324CA3E1B00FD9012 /* SceneDelegate.swift in Sources */,
				5488D8A424CA5BCC00B04DA0 /* ListCharacterCellViewController.swift in Sources */,
				544DF54624CD2B1300C9D12F /* ImageLoader.swift in Sources */,
				54307E4E24CBA93F003F7DD2 /* URLBuilder.swift in Sources */,
				5488D8A824CA6BAD00B04DA0 /* EasyRequest.swift in Sources */,
				5488D89D24CA4CB000B04DA0 /* ListCharacterViewController.swift in Sources */,
				544DF54424CD186800C9D12F /* ListCharacterLoadingCell.swift in Sources */,
				5429D90E24CC805C00467C30 /* CharacterDetailsViewController.swift in Sources */,
			);
			runOnlyForDeploymentPostprocessing = 0;
		};
/* End PBXSourcesBuildPhase section */

/* Begin PBXVariantGroup section */
		54E7388624CA3E1B00FD9012 /* Main.storyboard */ = {
			isa = PBXVariantGroup;
			children = (
				54E7388724CA3E1B00FD9012 /* Base */,
			);
			name = Main.storyboard;
			sourceTree = "<group>";
		};
		54E7388B24CA3E2300FD9012 /* LaunchScreen.storyboard */ = {
			isa = PBXVariantGroup;
			children = (
				54E7388C24CA3E2300FD9012 /* Base */,
			);
			name = LaunchScreen.storyboard;
			sourceTree = "<group>";
		};
/* End PBXVariantGroup section */

/* Begin XCBuildConfiguration section */
		54E7388F24CA3E2300FD9012 /* Debug */ = {
			isa = XCBuildConfiguration;
			buildSettings = {
				ALWAYS_SEARCH_USER_PATHS = NO;
				CLANG_ANALYZER_NONNULL = YES;
				CLANG_ANALYZER_NUMBER_OBJECT_CONVERSION = YES_AGGRESSIVE;
				CLANG_CXX_LANGUAGE_STANDARD = "gnu++14";
				CLANG_CXX_LIBRARY = "libc++";
				CLANG_ENABLE_MODULES = YES;
				CLANG_ENABLE_OBJC_ARC = YES;
				CLANG_ENABLE_OBJC_WEAK = YES;
				CLANG_WARN_BLOCK_CAPTURE_AUTORELEASING = YES;
				CLANG_WARN_BOOL_CONVERSION = YES;
				CLANG_WARN_COMMA = YES;
				CLANG_WARN_CONSTANT_CONVERSION = YES;
				CLANG_WARN_DEPRECATED_OBJC_IMPLEMENTATIONS = YES;
				CLANG_WARN_DIRECT_OBJC_ISA_USAGE = YES_ERROR;
				CLANG_WARN_DOCUMENTATION_COMMENTS = YES;
				CLANG_WARN_EMPTY_BODY = YES;
				CLANG_WARN_ENUM_CONVERSION = YES;
				CLANG_WARN_INFINITE_RECURSION = YES;
				CLANG_WARN_INT_CONVERSION = YES;
				CLANG_WARN_NON_LITERAL_NULL_CONVERSION = YES;
				CLANG_WARN_OBJC_IMPLICIT_RETAIN_SELF = YES;
				CLANG_WARN_OBJC_LITERAL_CONVERSION = YES;
				CLANG_WARN_OBJC_ROOT_CLASS = YES_ERROR;
				CLANG_WARN_RANGE_LOOP_ANALYSIS = YES;
				CLANG_WARN_STRICT_PROTOTYPES = YES;
				CLANG_WARN_SUSPICIOUS_MOVE = YES;
				CLANG_WARN_UNGUARDED_AVAILABILITY = YES_AGGRESSIVE;
				CLANG_WARN_UNREACHABLE_CODE = YES;
				CLANG_WARN__DUPLICATE_METHOD_MATCH = YES;
				COPY_PHASE_STRIP = NO;
				DEBUG_INFORMATION_FORMAT = dwarf;
				ENABLE_STRICT_OBJC_MSGSEND = YES;
				ENABLE_TESTABILITY = YES;
				GCC_C_LANGUAGE_STANDARD = gnu11;
				GCC_DYNAMIC_NO_PIC = NO;
				GCC_NO_COMMON_BLOCKS = YES;
				GCC_OPTIMIZATION_LEVEL = 0;
				GCC_PREPROCESSOR_DEFINITIONS = (
					"DEBUG=1",
					"$(inherited)",
				);
				GCC_WARN_64_TO_32_BIT_CONVERSION = YES;
				GCC_WARN_ABOUT_RETURN_TYPE = YES_ERROR;
				GCC_WARN_UNDECLARED_SELECTOR = YES;
				GCC_WARN_UNINITIALIZED_AUTOS = YES_AGGRESSIVE;
				GCC_WARN_UNUSED_FUNCTION = YES;
				GCC_WARN_UNUSED_VARIABLE = YES;
				IPHONEOS_DEPLOYMENT_TARGET = 13.5;
				MTL_ENABLE_DEBUG_INFO = INCLUDE_SOURCE;
				MTL_FAST_MATH = YES;
				ONLY_ACTIVE_ARCH = YES;
				SDKROOT = iphoneos;
				SWIFT_ACTIVE_COMPILATION_CONDITIONS = DEBUG;
				SWIFT_OPTIMIZATION_LEVEL = "-Onone";
			};
			name = Debug;
		};
		54E7389024CA3E2300FD9012 /* Release */ = {
			isa = XCBuildConfiguration;
			buildSettings = {
				ALWAYS_SEARCH_USER_PATHS = NO;
				CLANG_ANALYZER_NONNULL = YES;
				CLANG_ANALYZER_NUMBER_OBJECT_CONVERSION = YES_AGGRESSIVE;
				CLANG_CXX_LANGUAGE_STANDARD = "gnu++14";
				CLANG_CXX_LIBRARY = "libc++";
				CLANG_ENABLE_MODULES = YES;
				CLANG_ENABLE_OBJC_ARC = YES;
				CLANG_ENABLE_OBJC_WEAK = YES;
				CLANG_WARN_BLOCK_CAPTURE_AUTORELEASING = YES;
				CLANG_WARN_BOOL_CONVERSION = YES;
				CLANG_WARN_COMMA = YES;
				CLANG_WARN_CONSTANT_CONVERSION = YES;
				CLANG_WARN_DEPRECATED_OBJC_IMPLEMENTATIONS = YES;
				CLANG_WARN_DIRECT_OBJC_ISA_USAGE = YES_ERROR;
				CLANG_WARN_DOCUMENTATION_COMMENTS = YES;
				CLANG_WARN_EMPTY_BODY = YES;
				CLANG_WARN_ENUM_CONVERSION = YES;
				CLANG_WARN_INFINITE_RECURSION = YES;
				CLANG_WARN_INT_CONVERSION = YES;
				CLANG_WARN_NON_LITERAL_NULL_CONVERSION = YES;
				CLANG_WARN_OBJC_IMPLICIT_RETAIN_SELF = YES;
				CLANG_WARN_OBJC_LITERAL_CONVERSION = YES;
				CLANG_WARN_OBJC_ROOT_CLASS = YES_ERROR;
				CLANG_WARN_RANGE_LOOP_ANALYSIS = YES;
				CLANG_WARN_STRICT_PROTOTYPES = YES;
				CLANG_WARN_SUSPICIOUS_MOVE = YES;
				CLANG_WARN_UNGUARDED_AVAILABILITY = YES_AGGRESSIVE;
				CLANG_WARN_UNREACHABLE_CODE = YES;
				CLANG_WARN__DUPLICATE_METHOD_MATCH = YES;
				COPY_PHASE_STRIP = NO;
				DEBUG_INFORMATION_FORMAT = "dwarf-with-dsym";
				ENABLE_NS_ASSERTIONS = NO;
				ENABLE_STRICT_OBJC_MSGSEND = YES;
				GCC_C_LANGUAGE_STANDARD = gnu11;
				GCC_NO_COMMON_BLOCKS = YES;
				GCC_WARN_64_TO_32_BIT_CONVERSION = YES;
				GCC_WARN_ABOUT_RETURN_TYPE = YES_ERROR;
				GCC_WARN_UNDECLARED_SELECTOR = YES;
				GCC_WARN_UNINITIALIZED_AUTOS = YES_AGGRESSIVE;
				GCC_WARN_UNUSED_FUNCTION = YES;
				GCC_WARN_UNUSED_VARIABLE = YES;
				IPHONEOS_DEPLOYMENT_TARGET = 13.5;
				MTL_ENABLE_DEBUG_INFO = NO;
				MTL_FAST_MATH = YES;
				SDKROOT = iphoneos;
				SWIFT_COMPILATION_MODE = wholemodule;
				SWIFT_OPTIMIZATION_LEVEL = "-O";
				VALIDATE_PRODUCT = YES;
			};
			name = Release;
		};
		54E7389224CA3E2300FD9012 /* Debug */ = {
			isa = XCBuildConfiguration;
			buildSettings = {
				ASSETCATALOG_COMPILER_APPICON_NAME = AppIcon;
				CODE_SIGN_STYLE = Automatic;
				DEVELOPMENT_TEAM = WTBXJTT6NN;
				INFOPLIST_FILE = "Marvel Example/Info.plist";
				IPHONEOS_DEPLOYMENT_TARGET = 13.5;
				LD_RUNPATH_SEARCH_PATHS = (
					"$(inherited)",
					"@executable_path/Frameworks",
				);
				PRODUCT_BUNDLE_IDENTIFIER = "br.com.tcoelho.Marvel-Example";
				PRODUCT_NAME = "$(TARGET_NAME)";
				SWIFT_VERSION = 5.0;
				TARGETED_DEVICE_FAMILY = "1,2";
			};
			name = Debug;
		};
		54E7389324CA3E2300FD9012 /* Release */ = {
			isa = XCBuildConfiguration;
			buildSettings = {
				ASSETCATALOG_COMPILER_APPICON_NAME = AppIcon;
				CODE_SIGN_STYLE = Automatic;
				DEVELOPMENT_TEAM = WTBXJTT6NN;
				INFOPLIST_FILE = "Marvel Example/Info.plist";
				IPHONEOS_DEPLOYMENT_TARGET = 13.5;
				LD_RUNPATH_SEARCH_PATHS = (
					"$(inherited)",
					"@executable_path/Frameworks",
				);
				PRODUCT_BUNDLE_IDENTIFIER = "br.com.tcoelho.Marvel-Example";
				PRODUCT_NAME = "$(TARGET_NAME)";
				SWIFT_VERSION = 5.0;
				TARGETED_DEVICE_FAMILY = "1,2";
			};
			name = Release;
		};
/* End XCBuildConfiguration section */

/* Begin XCConfigurationList section */
		54E7387824CA3E1B00FD9012 /* Build configuration list for PBXProject "Marvel Example" */ = {
			isa = XCConfigurationList;
			buildConfigurations = (
				54E7388F24CA3E2300FD9012 /* Debug */,
				54E7389024CA3E2300FD9012 /* Release */,
			);
			defaultConfigurationIsVisible = 0;
			defaultConfigurationName = Release;
		};
		54E7389124CA3E2300FD9012 /* Build configuration list for PBXNativeTarget "Marvel Example" */ = {
			isa = XCConfigurationList;
			buildConfigurations = (
				54E7389224CA3E2300FD9012 /* Debug */,
				54E7389324CA3E2300FD9012 /* Release */,
			);
			defaultConfigurationIsVisible = 0;
			defaultConfigurationName = Release;
		};
/* End XCConfigurationList section */
	};
	rootObject = 54E7387524CA3E1B00FD9012 /* Project object */;
}
